
Microsoft Visual Studio Solution File, Format Version 12.00
# Visual Studio Version 17
VisualStudioVersion = 17.5.002.0
MinimumVisualStudioVersion = 10.0.40219.1
Project("{9A19103F-16F7-4668-BE54-9A1E7A4F7556}") = "TeleportCommand", "TeleportCommand\TeleportCommand.csproj", "{D6B5ED5D-0A16-4905-B7B7-EB31615C0450}"
EndProject
Global
	GlobalSection(SolutionConfigurationPlatforms) = preSolution
		Debug|Any CPU = Debug|Any CPU
		Release|Any CPU = Release|Any CPU
	EndGlobalSection
	GlobalSection(ProjectConfigurationPlatforms) = postSolution
		{D6B5ED5D-0A16-4905-B7B7-EB31615C0450}.Debug|Any CPU.ActiveCfg = Debug|Any CPU
		{D6B5ED5D-0A16-4905-B7B7-EB31615C0450}.Debug|Any CPU.Build.0 = Debug|Any CPU
		{D6B5ED5D-0A16-4905-B7B7-EB31615C0450}.Release|Any CPU.ActiveCfg = Release|Any CPU
		{D6B5ED5D-0A16-4905-B7B7-EB31615C0450}.Release|Any CPU.Build.0 = Release|Any CPU
	EndGlobalSection
	GlobalSection(SolutionProperties) = preSolution
		HideSolutionNode = FALSE
	EndGlobalSection
	GlobalSection(ExtensibilityGlobals) = postSolution
		SolutionGuid = {15F6E5FF-70E1-4512-8C52-8CB47422C48C}
	EndGlobalSection
EndGlobal
